<?xml version="1.0" encoding="utf-8"?>
<Project ToolsVersion="4.0" xmlns="http://schemas.microsoft.com/developer/msbuild/2003">
  <ItemGroup>
    <Filter Include="pages">
      <UniqueIdentifier>{8c4b0f14-7aa2-4479-9b87-6830f6bb5c01}</UniqueIdentifier>
    </Filter>
    <Filter Include="renderables">
      <UniqueIdentifier>{d711916f-db72-44ba-b487-224a1890a7e4}</UniqueIdentifier>
    </Filter>
  </ItemGroup>
  <ItemGroup>
    <ClCompile Include="pages\MainMenuPage.cpp">
      <Filter>pages</Filter>
    </ClCompile>
    <ClCompile Include="pages\Page.cpp">
      <Filter>pages</Filter>
    </ClCompile>
    <ClCompile Include="pages\SettingsPage.cpp">
      <Filter>pages</Filter>
    </ClCompile>
    <ClCompile Include="main.cpp" />
    <ClCompile Include="App.cpp" />
    <ClCompile Include="Loader.cpp" />
    <ClCompile Include="renderables\Renderable.cpp">
      <Filter>renderables</Filter>
    </ClCompile>
    <ClCompile Include="renderables\Texture.cpp">
      <Filter>renderables</Filter>
    </ClCompile>
    <ClCompile Include="renderables\Text.cpp">
      <Filter>renderables</Filter>
    </ClCompile>
    <ClCompile Include="renderables\TextButton.cpp">
      <Filter>renderables</Filter>
    </ClCompile>
  </ItemGroup>
  <ItemGroup>
    <ClInclude Include="pages\MainMenuPage.h">
      <Filter>pages</Filter>
    </ClInclude>
    <ClInclude Include="pages\Page.h">
      <Filter>pages</Filter>
    </ClInclude>
    <ClInclude Include="pages\SettingsPage.h">
      <Filter>pages</Filter>
    </ClInclude>
    <ClInclude Include="App.h" />
    <ClInclude Include="Loader.h" />
    <ClInclude Include="renderables\Renderable.h">
      <Filter>renderables</Filter>
    </ClInclude>
    <ClInclude Include="renderables\Texture.h">
      <Filter>renderables</Filter>
    </ClInclude>
    <ClInclude Include="renderables\Text.h">
      <Filter>renderables</Filter>
    </ClInclude>
    <ClInclude Include="renderables\TextButton.h">
      <Filter>renderables</Filter>
    </ClInclude>
  </ItemGroup>
  <ItemGroup>
    <None Include="app_settings.txt" />
  </ItemGroup>
</Project>