<?xml version="1.0" encoding="utf-8"?>
<Project ToolsVersion="4.0" xmlns="http://schemas.microsoft.com/developer/msbuild/2003">
  <ItemGroup>
    <Filter Include="pages">
      <UniqueIdentifier>{8c4b0f14-7aa2-4479-9b87-6830f6bb5c01}</UniqueIdentifier>
    </Filter>
    <Filter Include="renderables">
      <UniqueIdentifier>{d711916f-db72-44ba-b487-224a1890a7e4}</UniqueIdentifier>
    </Filter>
    <Filter Include="structures">
      <UniqueIdentifier>{5a302f1a-8142-4d53-89ba-9bcf3d93cb06}</UniqueIdentifier>
    </Filter>
    <Filter Include="audio">
      <UniqueIdentifier>{948cbe79-5372-4166-87bc-b2229cbfe2ce}</UniqueIdentifier>
    </Filter>
  </ItemGroup>
  <ItemGroup>
    <ClCompile Include="pages\MainMenuPage.cpp">
      <Filter>pages</Filter>
    </ClCompile>
    <ClCompile Include="pages\Page.cpp">
      <Filter>pages</Filter>
    </ClCompile>
    <ClCompile Include="pages\SettingsPage.cpp">
      <Filter>pages</Filter>
    </ClCompile>
    <ClCompile Include="main.cpp" />
    <ClCompile Include="Application.cpp" />
    <ClCompile Include="Loader.cpp" />
    <ClCompile Include="renderables\Renderable.cpp">
      <Filter>renderables</Filter>
    </ClCompile>
    <ClCompile Include="renderables\Texture.cpp">
      <Filter>renderables</Filter>
    </ClCompile>
    <ClCompile Include="renderables\Text.cpp">
      <Filter>renderables</Filter>
    </ClCompile>
    <ClCompile Include="renderables\TextButton.cpp">
      <Filter>renderables</Filter>
    </ClCompile>
    <ClCompile Include="renderables\ImageButton.cpp">
      <Filter>renderables</Filter>
    </ClCompile>
    <ClCompile Include="pages\PlayPage.cpp">
      <Filter>pages</Filter>
    </ClCompile>
    <ClCompile Include="renderables\Rectangle.cpp">
      <Filter>renderables</Filter>
    </ClCompile>
    <ClCompile Include="renderables\Layout.cpp">
      <Filter>renderables</Filter>
    </ClCompile>
    <ClCompile Include="audio\SoundEffect.cpp">
      <Filter>audio</Filter>
    </ClCompile>
    <ClCompile Include="audio\SoundTrack.cpp">
      <Filter>audio</Filter>
    </ClCompile>
    <ClCompile Include="pages\GuidePage.cpp">
      <Filter>pages</Filter>
    </ClCompile>
    <ClCompile Include="pages\ControlsPage.cpp">
      <Filter>pages</Filter>
    </ClCompile>
    <ClCompile Include="pages\ScoreValuesPage.cpp">
      <Filter>pages</Filter>
    </ClCompile>
  </ItemGroup>
  <ItemGroup>
    <ClInclude Include="pages\MainMenuPage.h">
      <Filter>pages</Filter>
    </ClInclude>
    <ClInclude Include="pages\Page.h">
      <Filter>pages</Filter>
    </ClInclude>
    <ClInclude Include="pages\SettingsPage.h">
      <Filter>pages</Filter>
    </ClInclude>
    <ClInclude Include="Application.h" />
    <ClInclude Include="Loader.h" />
    <ClInclude Include="renderables\Renderable.h">
      <Filter>renderables</Filter>
    </ClInclude>
    <ClInclude Include="renderables\Texture.h">
      <Filter>renderables</Filter>
    </ClInclude>
    <ClInclude Include="renderables\Text.h">
      <Filter>renderables</Filter>
    </ClInclude>
    <ClInclude Include="renderables\TextButton.h">
      <Filter>renderables</Filter>
    </ClInclude>
    <ClInclude Include="renderables\ImageButton.h">
      <Filter>renderables</Filter>
    </ClInclude>
    <ClInclude Include="pages\PlayPage.h">
      <Filter>pages</Filter>
    </ClInclude>
    <ClInclude Include="renderables\Rectangle.h">
      <Filter>renderables</Filter>
    </ClInclude>
    <ClInclude Include="structures\TetrisBlockData.h">
      <Filter>structures</Filter>
    </ClInclude>
    <ClInclude Include="structures\TetrisCellPosition.h">
      <Filter>structures</Filter>
    </ClInclude>
    <ClInclude Include="renderables\Layout.h">
      <Filter>renderables</Filter>
    </ClInclude>
    <ClInclude Include="structures\RecurringEventData.h">
      <Filter>structures</Filter>
    </ClInclude>
    <ClInclude Include="audio\SoundEffect.h">
      <Filter>audio</Filter>
    </ClInclude>
    <ClInclude Include="audio\SoundTrack.h">
      <Filter>audio</Filter>
    </ClInclude>
    <ClInclude Include="BagRandomizer.hpp" />
    <ClInclude Include="pages\GuidePage.h">
      <Filter>pages</Filter>
    </ClInclude>
    <ClInclude Include="pages\ControlsPage.h">
      <Filter>pages</Filter>
    </ClInclude>
    <ClInclude Include="pages\ScoreValuesPage.h">
      <Filter>pages</Filter>
    </ClInclude>
  </ItemGroup>
</Project>